
Microsoft Visual Studio Solution File, Format Version 12.00
# Visual Studio 15
VisualStudioVersion = 15.0.27004.2005
MinimumVisualStudioVersion = 10.0.40219.1
Project("{FAE04EC0-301F-11D3-BF4B-00C04F79EFBC}") = "OOP2WebApplication", "OOP2WebApplication\OOP2WebApplication.csproj", "{9E498365-A0E1-4BE3-AE3E-F5FAF5C9B259}"
EndProject
Project("{FAE04EC0-301F-11D3-BF4B-00C04F79EFBC}") = "CurrencyLibrary", "..\OOP2Currency\CurrencyLibrary\CurrencyLibrary.csproj", "{D6399D03-9652-42FF-BF69-32824E0FC230}"
EndProject
Project("{FAE04EC0-301F-11D3-BF4B-00C04F79EFBC}") = "CurrencyWebApplication", "CurrencyWebApplication\CurrencyWebApplication.csproj", "{7B8221E9-4D66-4855-BAB1-DCF883BBB1A6}"
EndProject
Project("{FAE04EC0-301F-11D3-BF4B-00C04F79EFBC}") = "CurrencyWebApplicationTests", "CurrencyWebApplicationTests\CurrencyWebApplicationTests.csproj", "{73FA6EA2-59A3-4153-8004-F5398CD36AB6}"
EndProject
Global
	GlobalSection(SolutionConfigurationPlatforms) = preSolution
		Debug|Any CPU = Debug|Any CPU
		Release|Any CPU = Release|Any CPU
	EndGlobalSection
	GlobalSection(ProjectConfigurationPlatforms) = postSolution
		{9E498365-A0E1-4BE3-AE3E-F5FAF5C9B259}.Debug|Any CPU.ActiveCfg = Debug|Any CPU
		{9E498365-A0E1-4BE3-AE3E-F5FAF5C9B259}.Debug|Any CPU.Build.0 = Debug|Any CPU
		{9E498365-A0E1-4BE3-AE3E-F5FAF5C9B259}.Release|Any CPU.ActiveCfg = Release|Any CPU
		{9E498365-A0E1-4BE3-AE3E-F5FAF5C9B259}.Release|Any CPU.Build.0 = Release|Any CPU
		{D6399D03-9652-42FF-BF69-32824E0FC230}.Debug|Any CPU.ActiveCfg = Debug|Any CPU
		{D6399D03-9652-42FF-BF69-32824E0FC230}.Debug|Any CPU.Build.0 = Debug|Any CPU
		{D6399D03-9652-42FF-BF69-32824E0FC230}.Release|Any CPU.ActiveCfg = Release|Any CPU
		{D6399D03-9652-42FF-BF69-32824E0FC230}.Release|Any CPU.Build.0 = Release|Any CPU
		{7B8221E9-4D66-4855-BAB1-DCF883BBB1A6}.Debug|Any CPU.ActiveCfg = Debug|Any CPU
		{7B8221E9-4D66-4855-BAB1-DCF883BBB1A6}.Debug|Any CPU.Build.0 = Debug|Any CPU
		{7B8221E9-4D66-4855-BAB1-DCF883BBB1A6}.Release|Any CPU.ActiveCfg = Release|Any CPU
		{7B8221E9-4D66-4855-BAB1-DCF883BBB1A6}.Release|Any CPU.Build.0 = Release|Any CPU
		{73FA6EA2-59A3-4153-8004-F5398CD36AB6}.Debug|Any CPU.ActiveCfg = Debug|Any CPU
		{73FA6EA2-59A3-4153-8004-F5398CD36AB6}.Debug|Any CPU.Build.0 = Debug|Any CPU
		{73FA6EA2-59A3-4153-8004-F5398CD36AB6}.Release|Any CPU.ActiveCfg = Release|Any CPU
		{73FA6EA2-59A3-4153-8004-F5398CD36AB6}.Release|Any CPU.Build.0 = Release|Any CPU
	EndGlobalSection
	GlobalSection(SolutionProperties) = preSolution
		HideSolutionNode = FALSE
	EndGlobalSection
	GlobalSection(ExtensibilityGlobals) = postSolution
		SolutionGuid = {725AE295-72DC-4EA6-A294-674111F4CC1A}
	EndGlobalSection
EndGlobal
